
Microsoft Visual Studio Solution File, Format Version 12.00
# Visual Studio 15
VisualStudioVersion = 15.0.26124.0
MinimumVisualStudioVersion = 15.0.26124.0
Project("{2150E333-8FDC-42A3-9474-1A3956D46DE8}") = "sdk", "sdk", "{7C3AEFC4-A3F1-4A70-8258-8D6E3DA979B0}"
EndProject
Project("{2150E333-8FDC-42A3-9474-1A3956D46DE8}") = "src", "src", "{B2DA3156-112E-43EB-B42F-C94A7AC276F4}"
EndProject
Project("{FAE04EC0-301F-11D3-BF4B-00C04F79EFBC}") = "blobflags", "sdk\src\blobflags\blobflags.csproj", "{7EAA2418-0647-4EAE-859E-942637B4AA42}"
EndProject
Project("{2150E333-8FDC-42A3-9474-1A3956D46DE8}") = "ui", "ui", "{66DF882B-013F-43CC-A99D-6938D5F8B2F4}"
EndProject
Project("{2150E333-8FDC-42A3-9474-1A3956D46DE8}") = "src", "src", "{CB8C04E3-9D65-4300-864D-E47B5BB53F62}"
EndProject
Project("{F2A71F9B-5D33-465A-A702-920D77279786}") = "Server", "ui\src\Server\Server.fsproj", "{73710C29-2FB1-4F28-B2C2-1841125E2990}"
EndProject
Project("{F2A71F9B-5D33-465A-A702-920D77279786}") = "Shared", "ui\src\Shared\Shared.fsproj", "{4B2E299F-2B3C-4A41-90D8-8D6917483399}"
EndProject
Project("{F2A71F9B-5D33-465A-A702-920D77279786}") = "Client", "ui\src\Client\Client.fsproj", "{6D7BC715-0D17-490E-ABC5-E3A7A646F505}"
EndProject
Project("{2150E333-8FDC-42A3-9474-1A3956D46DE8}") = "tests", "tests", "{3AC0F975-6023-4E1D-A034-5ADBC57EC2FA}"
EndProject
Project("{F2A71F9B-5D33-465A-A702-920D77279786}") = "Server.Tests", "ui\tests\Server\Server.Tests.fsproj", "{C170FD7D-8088-49A7-9E5F-96D9BC5117AA}"
EndProject
Project("{F2A71F9B-5D33-465A-A702-920D77279786}") = "Shared.Tests", "ui\tests\Shared\Shared.Tests.fsproj", "{3D01F413-7541-4354-BD5A-837EB2B3C724}"
EndProject
Project("{F2A71F9B-5D33-465A-A702-920D77279786}") = "Client.Tests", "ui\tests\Client\Client.Tests.fsproj", "{1C038DCE-6A70-44B8-884D-FFA66E270A33}"
EndProject
Global
	GlobalSection(SolutionConfigurationPlatforms) = preSolution
		Debug|Any CPU = Debug|Any CPU
		Debug|x64 = Debug|x64
		Debug|x86 = Debug|x86
		Release|Any CPU = Release|Any CPU
		Release|x64 = Release|x64
		Release|x86 = Release|x86
	EndGlobalSection
	GlobalSection(SolutionProperties) = preSolution
		HideSolutionNode = FALSE
	EndGlobalSection
	GlobalSection(ProjectConfigurationPlatforms) = postSolution
		{7EAA2418-0647-4EAE-859E-942637B4AA42}.Debug|Any CPU.ActiveCfg = Debug|Any CPU
		{7EAA2418-0647-4EAE-859E-942637B4AA42}.Debug|Any CPU.Build.0 = Debug|Any CPU
		{7EAA2418-0647-4EAE-859E-942637B4AA42}.Debug|x64.ActiveCfg = Debug|Any CPU
		{7EAA2418-0647-4EAE-859E-942637B4AA42}.Debug|x64.Build.0 = Debug|Any CPU
		{7EAA2418-0647-4EAE-859E-942637B4AA42}.Debug|x86.ActiveCfg = Debug|Any CPU
		{7EAA2418-0647-4EAE-859E-942637B4AA42}.Debug|x86.Build.0 = Debug|Any CPU
		{7EAA2418-0647-4EAE-859E-942637B4AA42}.Release|Any CPU.ActiveCfg = Release|Any CPU
		{7EAA2418-0647-4EAE-859E-942637B4AA42}.Release|Any CPU.Build.0 = Release|Any CPU
		{7EAA2418-0647-4EAE-859E-942637B4AA42}.Release|x64.ActiveCfg = Release|Any CPU
		{7EAA2418-0647-4EAE-859E-942637B4AA42}.Release|x64.Build.0 = Release|Any CPU
		{7EAA2418-0647-4EAE-859E-942637B4AA42}.Release|x86.ActiveCfg = Release|Any CPU
		{7EAA2418-0647-4EAE-859E-942637B4AA42}.Release|x86.Build.0 = Release|Any CPU
		{73710C29-2FB1-4F28-B2C2-1841125E2990}.Debug|Any CPU.ActiveCfg = Debug|Any CPU
		{73710C29-2FB1-4F28-B2C2-1841125E2990}.Debug|Any CPU.Build.0 = Debug|Any CPU
		{73710C29-2FB1-4F28-B2C2-1841125E2990}.Debug|x64.ActiveCfg = Debug|Any CPU
		{73710C29-2FB1-4F28-B2C2-1841125E2990}.Debug|x64.Build.0 = Debug|Any CPU
		{73710C29-2FB1-4F28-B2C2-1841125E2990}.Debug|x86.ActiveCfg = Debug|Any CPU
		{73710C29-2FB1-4F28-B2C2-1841125E2990}.Debug|x86.Build.0 = Debug|Any CPU
		{73710C29-2FB1-4F28-B2C2-1841125E2990}.Release|Any CPU.ActiveCfg = Release|Any CPU
		{73710C29-2FB1-4F28-B2C2-1841125E2990}.Release|Any CPU.Build.0 = Release|Any CPU
		{73710C29-2FB1-4F28-B2C2-1841125E2990}.Release|x64.ActiveCfg = Release|Any CPU
		{73710C29-2FB1-4F28-B2C2-1841125E2990}.Release|x64.Build.0 = Release|Any CPU
		{73710C29-2FB1-4F28-B2C2-1841125E2990}.Release|x86.ActiveCfg = Release|Any CPU
		{73710C29-2FB1-4F28-B2C2-1841125E2990}.Release|x86.Build.0 = Release|Any CPU
		{4B2E299F-2B3C-4A41-90D8-8D6917483399}.Debug|Any CPU.ActiveCfg = Debug|Any CPU
		{4B2E299F-2B3C-4A41-90D8-8D6917483399}.Debug|Any CPU.Build.0 = Debug|Any CPU
		{4B2E299F-2B3C-4A41-90D8-8D6917483399}.Debug|x64.ActiveCfg = Debug|Any CPU
		{4B2E299F-2B3C-4A41-90D8-8D6917483399}.Debug|x64.Build.0 = Debug|Any CPU
		{4B2E299F-2B3C-4A41-90D8-8D6917483399}.Debug|x86.ActiveCfg = Debug|Any CPU
		{4B2E299F-2B3C-4A41-90D8-8D6917483399}.Debug|x86.Build.0 = Debug|Any CPU
		{4B2E299F-2B3C-4A41-90D8-8D6917483399}.Release|Any CPU.ActiveCfg = Release|Any CPU
		{4B2E299F-2B3C-4A41-90D8-8D6917483399}.Release|Any CPU.Build.0 = Release|Any CPU
		{4B2E299F-2B3C-4A41-90D8-8D6917483399}.Release|x64.ActiveCfg = Release|Any CPU
		{4B2E299F-2B3C-4A41-90D8-8D6917483399}.Release|x64.Build.0 = Release|Any CPU
		{4B2E299F-2B3C-4A41-90D8-8D6917483399}.Release|x86.ActiveCfg = Release|Any CPU
		{4B2E299F-2B3C-4A41-90D8-8D6917483399}.Release|x86.Build.0 = Release|Any CPU
		{6D7BC715-0D17-490E-ABC5-E3A7A646F505}.Debug|Any CPU.ActiveCfg = Debug|Any CPU
		{6D7BC715-0D17-490E-ABC5-E3A7A646F505}.Debug|Any CPU.Build.0 = Debug|Any CPU
		{6D7BC715-0D17-490E-ABC5-E3A7A646F505}.Debug|x64.ActiveCfg = Debug|Any CPU
		{6D7BC715-0D17-490E-ABC5-E3A7A646F505}.Debug|x64.Build.0 = Debug|Any CPU
		{6D7BC715-0D17-490E-ABC5-E3A7A646F505}.Debug|x86.ActiveCfg = Debug|Any CPU
		{6D7BC715-0D17-490E-ABC5-E3A7A646F505}.Debug|x86.Build.0 = Debug|Any CPU
		{6D7BC715-0D17-490E-ABC5-E3A7A646F505}.Release|Any CPU.ActiveCfg = Release|Any CPU
		{6D7BC715-0D17-490E-ABC5-E3A7A646F505}.Release|Any CPU.Build.0 = Release|Any CPU
		{6D7BC715-0D17-490E-ABC5-E3A7A646F505}.Release|x64.ActiveCfg = Release|Any CPU
		{6D7BC715-0D17-490E-ABC5-E3A7A646F505}.Release|x64.Build.0 = Release|Any CPU
		{6D7BC715-0D17-490E-ABC5-E3A7A646F505}.Release|x86.ActiveCfg = Release|Any CPU
		{6D7BC715-0D17-490E-ABC5-E3A7A646F505}.Release|x86.Build.0 = Release|Any CPU
		{C170FD7D-8088-49A7-9E5F-96D9BC5117AA}.Debug|Any CPU.ActiveCfg = Debug|Any CPU
		{C170FD7D-8088-49A7-9E5F-96D9BC5117AA}.Debug|Any CPU.Build.0 = Debug|Any CPU
		{C170FD7D-8088-49A7-9E5F-96D9BC5117AA}.Debug|x64.ActiveCfg = Debug|Any CPU
		{C170FD7D-8088-49A7-9E5F-96D9BC5117AA}.Debug|x64.Build.0 = Debug|Any CPU
		{C170FD7D-8088-49A7-9E5F-96D9BC5117AA}.Debug|x86.ActiveCfg = Debug|Any CPU
		{C170FD7D-8088-49A7-9E5F-96D9BC5117AA}.Debug|x86.Build.0 = Debug|Any CPU
		{C170FD7D-8088-49A7-9E5F-96D9BC5117AA}.Release|Any CPU.ActiveCfg = Release|Any CPU
		{C170FD7D-8088-49A7-9E5F-96D9BC5117AA}.Release|Any CPU.Build.0 = Release|Any CPU
		{C170FD7D-8088-49A7-9E5F-96D9BC5117AA}.Release|x64.ActiveCfg = Release|Any CPU
		{C170FD7D-8088-49A7-9E5F-96D9BC5117AA}.Release|x64.Build.0 = Release|Any CPU
		{C170FD7D-8088-49A7-9E5F-96D9BC5117AA}.Release|x86.ActiveCfg = Release|Any CPU
		{C170FD7D-8088-49A7-9E5F-96D9BC5117AA}.Release|x86.Build.0 = Release|Any CPU
		{3D01F413-7541-4354-BD5A-837EB2B3C724}.Debug|Any CPU.ActiveCfg = Debug|Any CPU
		{3D01F413-7541-4354-BD5A-837EB2B3C724}.Debug|Any CPU.Build.0 = Debug|Any CPU
		{3D01F413-7541-4354-BD5A-837EB2B3C724}.Debug|x64.ActiveCfg = Debug|Any CPU
		{3D01F413-7541-4354-BD5A-837EB2B3C724}.Debug|x64.Build.0 = Debug|Any CPU
		{3D01F413-7541-4354-BD5A-837EB2B3C724}.Debug|x86.ActiveCfg = Debug|Any CPU
		{3D01F413-7541-4354-BD5A-837EB2B3C724}.Debug|x86.Build.0 = Debug|Any CPU
		{3D01F413-7541-4354-BD5A-837EB2B3C724}.Release|Any CPU.ActiveCfg = Release|Any CPU
		{3D01F413-7541-4354-BD5A-837EB2B3C724}.Release|Any CPU.Build.0 = Release|Any CPU
		{3D01F413-7541-4354-BD5A-837EB2B3C724}.Release|x64.ActiveCfg = Release|Any CPU
		{3D01F413-7541-4354-BD5A-837EB2B3C724}.Release|x64.Build.0 = Release|Any CPU
		{3D01F413-7541-4354-BD5A-837EB2B3C724}.Release|x86.ActiveCfg = Release|Any CPU
		{3D01F413-7541-4354-BD5A-837EB2B3C724}.Release|x86.Build.0 = Release|Any CPU
		{1C038DCE-6A70-44B8-884D-FFA66E270A33}.Debug|Any CPU.ActiveCfg = Debug|Any CPU
		{1C038DCE-6A70-44B8-884D-FFA66E270A33}.Debug|Any CPU.Build.0 = Debug|Any CPU
		{1C038DCE-6A70-44B8-884D-FFA66E270A33}.Debug|x64.ActiveCfg = Debug|Any CPU
		{1C038DCE-6A70-44B8-884D-FFA66E270A33}.Debug|x64.Build.0 = Debug|Any CPU
		{1C038DCE-6A70-44B8-884D-FFA66E270A33}.Debug|x86.ActiveCfg = Debug|Any CPU
		{1C038DCE-6A70-44B8-884D-FFA66E270A33}.Debug|x86.Build.0 = Debug|Any CPU
		{1C038DCE-6A70-44B8-884D-FFA66E270A33}.Release|Any CPU.ActiveCfg = Release|Any CPU
		{1C038DCE-6A70-44B8-884D-FFA66E270A33}.Release|Any CPU.Build.0 = Release|Any CPU
		{1C038DCE-6A70-44B8-884D-FFA66E270A33}.Release|x64.ActiveCfg = Release|Any CPU
		{1C038DCE-6A70-44B8-884D-FFA66E270A33}.Release|x64.Build.0 = Release|Any CPU
		{1C038DCE-6A70-44B8-884D-FFA66E270A33}.Release|x86.ActiveCfg = Release|Any CPU
		{1C038DCE-6A70-44B8-884D-FFA66E270A33}.Release|x86.Build.0 = Release|Any CPU
	EndGlobalSection
	GlobalSection(NestedProjects) = preSolution
		{B2DA3156-112E-43EB-B42F-C94A7AC276F4} = {7C3AEFC4-A3F1-4A70-8258-8D6E3DA979B0}
		{7EAA2418-0647-4EAE-859E-942637B4AA42} = {B2DA3156-112E-43EB-B42F-C94A7AC276F4}
		{CB8C04E3-9D65-4300-864D-E47B5BB53F62} = {66DF882B-013F-43CC-A99D-6938D5F8B2F4}
		{73710C29-2FB1-4F28-B2C2-1841125E2990} = {CB8C04E3-9D65-4300-864D-E47B5BB53F62}
		{4B2E299F-2B3C-4A41-90D8-8D6917483399} = {CB8C04E3-9D65-4300-864D-E47B5BB53F62}
		{6D7BC715-0D17-490E-ABC5-E3A7A646F505} = {CB8C04E3-9D65-4300-864D-E47B5BB53F62}
		{3AC0F975-6023-4E1D-A034-5ADBC57EC2FA} = {66DF882B-013F-43CC-A99D-6938D5F8B2F4}
		{C170FD7D-8088-49A7-9E5F-96D9BC5117AA} = {3AC0F975-6023-4E1D-A034-5ADBC57EC2FA}
		{3D01F413-7541-4354-BD5A-837EB2B3C724} = {3AC0F975-6023-4E1D-A034-5ADBC57EC2FA}
		{1C038DCE-6A70-44B8-884D-FFA66E270A33} = {3AC0F975-6023-4E1D-A034-5ADBC57EC2FA}
	EndGlobalSection
EndGlobal
